{
  "name": "photock2",
  "version": "1.0.0",
  "lockfileVersion": 2,
  "requires": true,
  "packages": {
    "": {
      "name": "photock2",
      "version": "1.0.0",
      "hasInstallScript": true,
      "license": "ISC",
      "workspaces": [
        "packages/myapp",
        "packages/backend",
        "packages/nuxt3-app"
      ]
    }
  }
}
